// !$*UTF8*$!
{
	archiveVersion = 1;
	classes = {
	};
	objectVersion = 77;
	objects = {

/* Begin PBXContainerItemProxy section */
		F00E35D92E45B41000F2975F /* PBXContainerItemProxy */ = {
			isa = PBXContainerItemProxy;
			containerPortal = F00E35BA2E45B40E00F2975F /* Project object */;
			proxyType = 1;
			remoteGlobalIDString = F00E35C12E45B40E00F2975F;
			remoteInfo = MediaLab;
		};
		F00E35E32E45B41000F2975F /* PBXContainerItemProxy */ = {
			isa = PBXContainerItemProxy;
			containerPortal = F00E35BA2E45B40E00F2975F /* Project object */;
			proxyType = 1;
			remoteGlobalIDString = F00E35C12E45B40E00F2975F;
			remoteInfo = MediaLab;
		};
/* End PBXContainerItemProxy section */

/* Begin PBXFileReference section */
		F00E35C22E45B40E00F2975F /* MediaLab.app */ = {isa = PBXFileReference; explicitFileType = wrapper.application; includeInIndex = 0; path = MediaLab.app; sourceTree = BUILT_PRODUCTS_DIR; };
		F00E35D82E45B41000F2975F /* MediaLabTests.xctest */ = {isa = PBXFileReference; explicitFileType = wrapper.cfbundle; includeInIndex = 0; path = MediaLabTests.xctest; sourceTree = BUILT_PRODUCTS_DIR; };
		F00E35E22E45B41000F2975F /* MediaLabUITests.xctest */ = {isa = PBXFileReference; explicitFileType = wrapper.cfbundle; includeInIndex = 0; path = MediaLabUITests.xctest; sourceTree = BUILT_PRODUCTS_DIR; };
/* End PBXFileReference section */

/* Begin PBXFileSystemSynchronizedBuildFileExceptionSet section */
		F00E35EA2E45B41000F2975F /* Exceptions for "MediaLab" folder in "MediaLab" target */ = {
			isa = PBXFileSystemSynchronizedBuildFileExceptionSet;
			membershipExceptions = (
				Info.plist,
			);
			target = F00E35C12E45B40E00F2975F /* MediaLab */;
		};
/* End PBXFileSystemSynchronizedBuildFileExceptionSet section */

/* Begin PBXFileSystemSynchronizedRootGroup section */
		F00E35C42E45B40E00F2975F /* MediaLab */ = {
			isa = PBXFileSystemSynchronizedRootGroup;
			exceptions = (
				F00E35EA2E45B41000F2975F /* Exceptions for "MediaLab" folder in "MediaLab" target */,
			);
			path = MediaLab;
			sourceTree = "<group>";
		};
		F00E35DB2E45B41000F2975F /* MediaLabTests */ = {
			isa = PBXFileSystemSynchronizedRootGroup;
			path = MediaLabTests;
			sourceTree = "<group>";
		};
		F00E35E52E45B41000F2975F /* MediaLabUITests */ = {
			isa = PBXFileSystemSynchronizedRootGroup;
			path = MediaLabUITests;
			sourceTree = "<group>";
		};
/* End PBXFileSystemSynchronizedRootGroup section */

/* Begin PBXFrameworksBuildPhase section */
		F00E35BF2E45B40E00F2975F /* Frameworks */ = {
			isa = PBXFrameworksBuildPhase;
			buildActionMask = 2147483647;
			files = (
			);
			runOnlyForDeploymentPostprocessing = 0;
		};
		F00E35D52E45B41000F2975F /* Frameworks */ = {
			isa = PBXFrameworksBuildPhase;
			buildActionMask = 2147483647;
			files = (
			);
			runOnlyForDeploymentPostprocessing = 0;
		};
		F00E35DF2E45B41000F2975F /* Frameworks */ = {
			isa = PBXFrameworksBuildPhase;
			buildActionMask = 2147483647;
			files = (
			);
			runOnlyForDeploymentPostprocessing = 0;
		};
/* End PBXFrameworksBuildPhase section */

/* Begin PBXGroup section */
		F00E35B92E45B40E00F2975F = {
			isa = PBXGroup;
			children = (
				F00E35C42E45B40E00F2975F /* MediaLab */,
				F00E35DB2E45B41000F2975F /* MediaLabTests */,
				F00E35E52E45B41000F2975F /* MediaLabUITests */,
				F00E35C32E45B40E00F2975F /* Products */,
			);
			sourceTree = "<group>";
		};
		F00E35C32E45B40E00F2975F /* Products */ = {
			isa = PBXGroup;
			children = (
				F00E35C22E45B40E00F2975F /* MediaLab.app */,
				F00E35D82E45B41000F2975F /* MediaLabTests.xctest */,
				F00E35E22E45B41000F2975F /* MediaLabUITests.xctest */,
			);
			name = Products;
			sourceTree = "<group>";
		};
/* End PBXGroup section */

/* Begin PBXNativeTarget section */
		F00E35C12E45B40E00F2975F /* MediaLab */ = {
			isa = PBXNativeTarget;
			buildConfigurationList = F00E35EB2E45B41000F2975F /* Build configuration list for PBXNativeTarget "MediaLab" */;
			buildPhases = (
				F00E35BE2E45B40E00F2975F /* Sources */,
				F00E35BF2E45B40E00F2975F /* Frameworks */,
				F00E35C02E45B40E00F2975F /* Resources */,
			);
			buildRules = (
			);
			dependencies = (
			);
			fileSystemSynchronizedGroups = (
				F00E35C42E45B40E00F2975F /* MediaLab */,
			);
			name = MediaLab;
			packageProductDependencies = (
			);
			productName = MediaLab;
			productReference = F00E35C22E45B40E00F2975F /* MediaLab.app */;
			productType = "com.apple.product-type.application";
		};
		F00E35D72E45B41000F2975F /* MediaLabTests */ = {
			isa = PBXNativeTarget;
			buildConfigurationList = F00E35F02E45B41000F2975F /* Build configuration list for PBXNativeTarget "MediaLabTests" */;
			buildPhases = (
				F00E35D42E45B41000F2975F /* Sources */,
				F00E35D52E45B41000F2975F /* Frameworks */,
				F00E35D62E45B41000F2975F /* Resources */,
			);
			buildRules = (
			);
			dependencies = (
				F00E35DA2E45B41000F2975F /* PBXTargetDependency */,
			);
			fileSystemSynchronizedGroups = (
				F00E35DB2E45B41000F2975F /* MediaLabTests */,
			);
			name = MediaLabTests;
			packageProductDependencies = (
			);
			productName = MediaLabTests;
			productReference = F00E35D82E45B41000F2975F /* MediaLabTests.xctest */;
			productType = "com.apple.product-type.bundle.unit-test";
		};
		F00E35E12E45B41000F2975F /* MediaLabUITests */ = {
			isa = PBXNativeTarget;
			buildConfigurationList = F00E35F32E45B41000F2975F /* Build configuration list for PBXNativeTarget "MediaLabUITests" */;
			buildPhases = (
				F00E35DE2E45B41000F2975F /* Sources */,
				F00E35DF2E45B41000F2975F /* Frameworks */,
				F00E35E02E45B41000F2975F /* Resources */,
			);
			buildRules = (
			);
			dependencies = (
				F00E35E42E45B41000F2975F /* PBXTargetDependency */,
			);
			fileSystemSynchronizedGroups = (
				F00E35E52E45B41000F2975F /* MediaLabUITests */,
			);
			name = MediaLabUITests;
			packageProductDependencies = (
			);
			productName = MediaLabUITests;
			productReference = F00E35E22E45B41000F2975F /* MediaLabUITests.xctest */;
			productType = "com.apple.product-type.bundle.ui-testing";
		};
/* End PBXNativeTarget section */

/* Begin PBXProject section */
		F00E35BA2E45B40E00F2975F /* Project object */ = {
			isa = PBXProject;
			attributes = {
				BuildIndependentTargetsInParallel = 1;
				LastSwiftUpdateCheck = 1600;
				LastUpgradeCheck = 1600;
				TargetAttributes = {
					F00E35C12E45B40E00F2975F = {
						CreatedOnToolsVersion = 16.0;
					};
					F00E35D72E45B41000F2975F = {
						CreatedOnToolsVersion = 16.0;
						TestTargetID = F00E35C12E45B40E00F2975F;
					};
					F00E35E12E45B41000F2975F = {
						CreatedOnToolsVersion = 16.0;
						TestTargetID = F00E35C12E45B40E00F2975F;
					};
				};
			};
			buildConfigurationList = F00E35BD2E45B40E00F2975F /* Build configuration list for PBXProject "MediaLab" */;
			developmentRegion = en;
			hasScannedForEncodings = 0;
			knownRegions = (
				en,
				Base,
			);
			mainGroup = F00E35B92E45B40E00F2975F;
			minimizedProjectReferenceProxies = 1;
			preferredProjectObjectVersion = 77;
			productRefGroup = F00E35C32E45B40E00F2975F /* Products */;
			projectDirPath = "";
			projectRoot = "";
			targets = (
				F00E35C12E45B40E00F2975F /* MediaLab */,
				F00E35D72E45B41000F2975F /* MediaLabTests */,
				F00E35E12E45B41000F2975F /* MediaLabUITests */,
			);
		};
/* End PBXProject section */

/* Begin PBXResourcesBuildPhase section */
		F00E35C02E45B40E00F2975F /* Resources */ = {
			isa = PBXResourcesBuildPhase;
			buildActionMask = 2147483647;
			files = (
			);
			runOnlyForDeploymentPostprocessing = 0;
		};
		F00E35D62E45B41000F2975F /* Resources */ = {
			isa = PBXResourcesBuildPhase;
			buildActionMask = 2147483647;
			files = (
			);
			runOnlyForDeploymentPostprocessing = 0;
		};
		F00E35E02E45B41000F2975F /* Resources */ = {
			isa = PBXResourcesBuildPhase;
			buildActionMask = 2147483647;
			files = (
			);
			runOnlyForDeploymentPostprocessing = 0;
		};
/* End PBXResourcesBuildPhase section */

/* Begin PBXSourcesBuildPhase section */
		F00E35BE2E45B40E00F2975F /* Sources */ = {
			isa = PBXSourcesBuildPhase;
			buildActionMask = 2147483647;
			files = (
			);
			runOnlyForDeploymentPostprocessing = 0;
		};
		F00E35D42E45B41000F2975F /* Sources */ = {
			isa = PBXSourcesBuildPhase;
			buildActionMask = 2147483647;
			files = (
			);
			runOnlyForDeploymentPostprocessing = 0;
		};
		F00E35DE2E45B41000F2975F /* Sources */ = {
			isa = PBXSourcesBuildPhase;
			buildActionMask = 2147483647;
			files = (
			);
			runOnlyForDeploymentPostprocessing = 0;
		};
/* End PBXSourcesBuildPhase section */

/* Begin PBXTargetDependency section */
		F00E35DA2E45B41000F2975F /* PBXTargetDependency */ = {
			isa = PBXTargetDependency;
			target = F00E35C12E45B40E00F2975F /* MediaLab */;
			targetProxy = F00E35D92E45B41000F2975F /* PBXContainerItemProxy */;
		};
		F00E35E42E45B41000F2975F /* PBXTargetDependency */ = {
			isa = PBXTargetDependency;
			target = F00E35C12E45B40E00F2975F /* MediaLab */;
			targetProxy = F00E35E32E45B41000F2975F /* PBXContainerItemProxy */;
		};
/* End PBXTargetDependency section */

/* Begin XCBuildConfiguration section */
		F00E35EC2E45B41000F2975F /* Debug */ = {
			isa = XCBuildConfiguration;
			buildSettings = {
				ASSETCATALOG_COMPILER_APPICON_NAME = AppIcon;
				ASSETCATALOG_COMPILER_GLOBAL_ACCENT_COLOR_NAME = AccentColor;
				CODE_SIGN_STYLE = Automatic;
				CURRENT_PROJECT_VERSION = 1;
				GENERATE_INFOPLIST_FILE = YES;
				INFOPLIST_FILE = MediaLab/Info.plist;
				INFOPLIST_KEY_UIApplicationSupportsIndirectInputEvents = YES;
				INFOPLIST_KEY_UILaunchStoryboardName = LaunchScreen;
				INFOPLIST_KEY_UIMainStoryboardFile = Main;
				INFOPLIST_KEY_UISupportedInterfaceOrientations_iPad = "UIInterfaceOrientationPortrait UIInterfaceOrientationPortraitUpsideDown UIInterfaceOrientationLandscapeLeft UIInterfaceOrientationLandscapeRight";
				INFOPLIST_KEY_UISupportedInterfaceOrientations_iPhone = "UIInterfaceOrientationPortrait UIInterfaceOrientationLandscapeLeft UIInterfaceOrientationLandscapeRight";
				LD_RUNPATH_SEARCH_PATHS = (
					"$(inherited)",
					"@executable_path/Frameworks",
				);
				MARKETING_VERSION = 1.0;
				PRODUCT_BUNDLE_IDENTIFIER = com.shafia3techsoft.MediaLab;
				PRODUCT_NAME = "$(TARGET_NAME)";
				SWIFT_EMIT_LOC_STRINGS = YES;
				SWIFT_VERSION = 5.0;
				TARGETED_DEVICE_FAMILY = "1,2";
			};
			name = Debug;
		};
		F00E35ED2E45B41000F2975F /* Release */ = {
			isa = XCBuildConfiguration;
			buildSettings = {
				ASSETCATALOG_COMPILER_APPICON_NAME = AppIcon;
				ASSETCATALOG_COMPILER_GLOBAL_ACCENT_COLOR_NAME = AccentColor;
				CODE_SIGN_STYLE = Automatic;
				CURRENT_PROJECT_VERSION = 1;
				GENERATE_INFOPLIST_FILE = YES;
				INFOPLIST_FILE = MediaLab/Info.plist;
				INFOPLIST_KEY_UIApplicationSupportsIndirectInputEvents = YES;
				INFOPLIST_KEY_UILaunchStoryboardName = LaunchScreen;
				INFOPLIST_KEY_UIMainStoryboardFile = Main;
				INFOPLIST_KEY_UISupportedInterfaceOrientations_iPad = "UIInterfaceOrientationPortrait UIInterfaceOrientationPortraitUpsideDown UIInterfaceOrientationLandscapeLeft UIInterfaceOrientationLandscapeRight";
				INFOPLIST_KEY_UISupportedInterfaceOrientations_iPhone = "UIInterfaceOrientationPortrait UIInterfaceOrientationLandscapeLeft UIInterfaceOrientationLandscapeRight";
				LD_RUNPATH_SEARCH_PATHS = (
					"$(inherited)",
					"@executable_path/Frameworks",
				);
				MARKETING_VERSION = 1.0;
				PRODUCT_BUNDLE_IDENTIFIER = com.shafia3techsoft.MediaLab;
				PRODUCT_NAME = "$(TARGET_NAME)";
				SWIFT_EMIT_LOC_STRINGS = YES;
				SWIFT_VERSION = 5.0;
				TARGETED_DEVICE_FAMILY = "1,2";
			};
			name = Release;
		};
		F00E35EE2E45B41000F2975F /* Debug */ = {
			isa = XCBuildConfiguration;
			buildSettings = {
				ALWAYS_SEARCH_USER_PATHS = NO;
				ASSETCATALOG_COMPILER_GENERATE_SWIFT_ASSET_SYMBOL_EXTENSIONS = YES;
				CLANG_ANALYZER_NONNULL = YES;
				CLANG_ANALYZER_NUMBER_OBJECT_CONVERSION = YES_AGGRESSIVE;
				CLANG_CXX_LANGUAGE_STANDARD = "gnu++20";
				CLANG_ENABLE_MODULES = YES;
				CLANG_ENABLE_OBJC_ARC = YES;
				CLANG_ENABLE_OBJC_WEAK = YES;
				CLANG_WARN_BLOCK_CAPTURE_AUTORELEASING = YES;
				CLANG_WARN_BOOL_CONVERSION = YES;
				CLANG_WARN_COMMA = YES;
				CLANG_WARN_CONSTANT_CONVERSION = YES;
				CLANG_WARN_DEPRECATED_OBJC_IMPLEMENTATIONS = YES;
				CLANG_WARN_DIRECT_OBJC_ISA_USAGE = YES_ERROR;
				CLANG_WARN_DOCUMENTATION_COMMENTS = YES;
				CLANG_WARN_EMPTY_BODY = YES;
				CLANG_WARN_ENUM_CONVERSION = YES;
				CLANG_WARN_INFINITE_RECURSION = YES;
				CLANG_WARN_INT_CONVERSION = YES;
				CLANG_WARN_NON_LITERAL_NULL_CONVERSION = YES;
				CLANG_WARN_OBJC_IMPLICIT_RETAIN_SELF = YES;
				CLANG_WARN_OBJC_LITERAL_CONVERSION = YES;
				CLANG_WARN_OBJC_ROOT_CLASS = YES_ERROR;
				CLANG_WARN_QUOTED_INCLUDE_IN_FRAMEWORK_HEADER = YES;
				CLANG_WARN_RANGE_LOOP_ANALYSIS = YES;
				CLANG_WARN_STRICT_PROTOTYPES = YES;
				CLANG_WARN_SUSPICIOUS_MOVE = YES;
				CLANG_WARN_UNGUARDED_AVAILABILITY = YES_AGGRESSIVE;
				CLANG_WARN_UNREACHABLE_CODE = YES;
				CLANG_WARN__DUPLICATE_METHOD_MATCH = YES;
				COPY_PHASE_STRIP = NO;
				DEBUG_INFORMATION_FORMAT = dwarf;
				ENABLE_STRICT_OBJC_MSGSEND = YES;
				ENABLE_TESTABILITY = YES;
				ENABLE_USER_SCRIPT_SANDBOXING = YES;
				GCC_C_LANGUAGE_STANDARD = gnu17;
				GCC_DYNAMIC_NO_PIC = NO;
				GCC_NO_COMMON_BLOCKS = YES;
				GCC_OPTIMIZATION_LEVEL = 0;
				GCC_PREPROCESSOR_DEFINITIONS = (
					"DEBUG=1",
					"$(inherited)",
				);
				GCC_WARN_64_TO_32_BIT_CONVERSION = YES;
				GCC_WARN_ABOUT_RETURN_TYPE = YES_ERROR;
				GCC_WARN_UNDECLARED_SELECTOR = YES;
				GCC_WARN_UNINITIALIZED_AUTOS = YES_AGGRESSIVE;
				GCC_WARN_UNUSED_FUNCTION = YES;
				GCC_WARN_UNUSED_VARIABLE = YES;
				IPHONEOS_DEPLOYMENT_TARGET = 18.0;
				LOCALIZATION_PREFERS_STRING_CATALOGS = YES;
				MTL_ENABLE_DEBUG_INFO = INCLUDE_SOURCE;
				MTL_FAST_MATH = YES;
				ONLY_ACTIVE_ARCH = YES;
				SDKROOT = iphoneos;
				SWIFT_ACTIVE_COMPILATION_CONDITIONS = "DEBUG $(inherited)";
				SWIFT_OPTIMIZATION_LEVEL = "-Onone";
			};
			name = Debug;
		};
		F00E35EF2E45B41000F2975F /* Release */ = {
			isa = XCBuildConfiguration;
			buildSettings = {
				ALWAYS_SEARCH_USER_PATHS = NO;
				ASSETCATALOG_COMPILER_GENERATE_SWIFT_ASSET_SYMBOL_EXTENSIONS = YES;
				CLANG_ANALYZER_NONNULL = YES;
				CLANG_ANALYZER_NUMBER_OBJECT_CONVERSION = YES_AGGRESSIVE;
				CLANG_CXX_LANGUAGE_STANDARD = "gnu++20";
				CLANG_ENABLE_MODULES = YES;
				CLANG_ENABLE_OBJC_ARC = YES;
				CLANG_ENABLE_OBJC_WEAK = YES;
				CLANG_WARN_BLOCK_CAPTURE_AUTORELEASING = YES;
				CLANG_WARN_BOOL_CONVERSION = YES;
				CLANG_WARN_COMMA = YES;
				CLANG_WARN_CONSTANT_CONVERSION = YES;
				CLANG_WARN_DEPRECATED_OBJC_IMPLEMENTATIONS = YES;
				CLANG_WARN_DIRECT_OBJC_ISA_USAGE = YES_ERROR;
				CLANG_WARN_DOCUMENTATION_COMMENTS = YES;
				CLANG_WARN_EMPTY_BODY = YES;
				CLANG_WARN_ENUM_CONVERSION = YES;
				CLANG_WARN_INFINITE_RECURSION = YES;
				CLANG_WARN_INT_CONVERSION = YES;
				CLANG_WARN_NON_LITERAL_NULL_CONVERSION = YES;
				CLANG_WARN_OBJC_IMPLICIT_RETAIN_SELF = YES;
				CLANG_WARN_OBJC_LITERAL_CONVERSION = YES;
				CLANG_WARN_OBJC_ROOT_CLASS = YES_ERROR;
				CLANG_WARN_QUOTED_INCLUDE_IN_FRAMEWORK_HEADER = YES;
				CLANG_WARN_RANGE_LOOP_ANALYSIS = YES;
				CLANG_WARN_STRICT_PROTOTYPES = YES;
				CLANG_WARN_SUSPICIOUS_MOVE = YES;
				CLANG_WARN_UNGUARDED_AVAILABILITY = YES_AGGRESSIVE;
				CLANG_WARN_UNREACHABLE_CODE = YES;
				CLANG_WARN__DUPLICATE_METHOD_MATCH = YES;
				COPY_PHASE_STRIP = NO;
				DEBUG_INFORMATION_FORMAT = "dwarf-with-dsym";
				ENABLE_NS_ASSERTIONS = NO;
				ENABLE_STRICT_OBJC_MSGSEND = YES;
				ENABLE_USER_SCRIPT_SANDBOXING = YES;
				GCC_C_LANGUAGE_STANDARD = gnu17;
				GCC_NO_COMMON_BLOCKS = YES;
				GCC_WARN_64_TO_32_BIT_CONVERSION = YES;
				GCC_WARN_ABOUT_RETURN_TYPE = YES_ERROR;
				GCC_WARN_UNDECLARED_SELECTOR = YES;
				GCC_WARN_UNINITIALIZED_AUTOS = YES_AGGRESSIVE;
				GCC_WARN_UNUSED_FUNCTION = YES;
				GCC_WARN_UNUSED_VARIABLE = YES;
				IPHONEOS_DEPLOYMENT_TARGET = 18.0;
				LOCALIZATION_PREFERS_STRING_CATALOGS = YES;
				MTL_ENABLE_DEBUG_INFO = NO;
				MTL_FAST_MATH = YES;
				SDKROOT = iphoneos;
				SWIFT_COMPILATION_MODE = wholemodule;
				VALIDATE_PRODUCT = YES;
			};
			name = Release;
		};
		F00E35F12E45B41000F2975F /* Debug */ = {
			isa = XCBuildConfiguration;
			buildSettings = {
				BUNDLE_LOADER = "$(TEST_HOST)";
				CODE_SIGN_STYLE = Automatic;
				CURRENT_PROJECT_VERSION = 1;
				GENERATE_INFOPLIST_FILE = YES;
				IPHONEOS_DEPLOYMENT_TARGET = 18.0;
				MARKETING_VERSION = 1.0;
				PRODUCT_BUNDLE_IDENTIFIER = com.shafia3techsoft.MediaLabTests;
				PRODUCT_NAME = "$(TARGET_NAME)";
				SWIFT_EMIT_LOC_STRINGS = NO;
				SWIFT_VERSION = 5.0;
				TARGETED_DEVICE_FAMILY = "1,2";
				TEST_HOST = "$(BUILT_PRODUCTS_DIR)/MediaLab.app/$(BUNDLE_EXECUTABLE_FOLDER_PATH)/MediaLab";
			};
			name = Debug;
		};
		F00E35F22E45B41000F2975F /* Release */ = {
			isa = XCBuildConfiguration;
			buildSettings = {
				BUNDLE_LOADER = "$(TEST_HOST)";
				CODE_SIGN_STYLE = Automatic;
				CURRENT_PROJECT_VERSION = 1;
				GENERATE_INFOPLIST_FILE = YES;
				IPHONEOS_DEPLOYMENT_TARGET = 18.0;
				MARKETING_VERSION = 1.0;
				PRODUCT_BUNDLE_IDENTIFIER = com.shafia3techsoft.MediaLabTests;
				PRODUCT_NAME = "$(TARGET_NAME)";
				SWIFT_EMIT_LOC_STRINGS = NO;
				SWIFT_VERSION = 5.0;
				TARGETED_DEVICE_FAMILY = "1,2";
				TEST_HOST = "$(BUILT_PRODUCTS_DIR)/MediaLab.app/$(BUNDLE_EXECUTABLE_FOLDER_PATH)/MediaLab";
			};
			name = Release;
		};
		F00E35F42E45B41000F2975F /* Debug */ = {
			isa = XCBuildConfiguration;
			buildSettings = {
				CODE_SIGN_STYLE = Automatic;
				CURRENT_PROJECT_VERSION = 1;
				GENERATE_INFOPLIST_FILE = YES;
				MARKETING_VERSION = 1.0;
				PRODUCT_BUNDLE_IDENTIFIER = com.shafia3techsoft.MediaLabUITests;
				PRODUCT_NAME = "$(TARGET_NAME)";
				SWIFT_EMIT_LOC_STRINGS = NO;
				SWIFT_VERSION = 5.0;
				TARGETED_DEVICE_FAMILY = "1,2";
				TEST_TARGET_NAME = MediaLab;
			};
			name = Debug;
		};
		F00E35F52E45B41000F2975F /* Release */ = {
			isa = XCBuildConfiguration;
			buildSettings = {
				CODE_SIGN_STYLE = Automatic;
				CURRENT_PROJECT_VERSION = 1;
				GENERATE_INFOPLIST_FILE = YES;
				MARKETING_VERSION = 1.0;
				PRODUCT_BUNDLE_IDENTIFIER = com.shafia3techsoft.MediaLabUITests;
				PRODUCT_NAME = "$(TARGET_NAME)";
				SWIFT_EMIT_LOC_STRINGS = NO;
				SWIFT_VERSION = 5.0;
				TARGETED_DEVICE_FAMILY = "1,2";
				TEST_TARGET_NAME = MediaLab;
			};
			name = Release;
		};
/* End XCBuildConfiguration section */

/* Begin XCConfigurationList section */
		F00E35BD2E45B40E00F2975F /* Build configuration list for PBXProject "MediaLab" */ = {
			isa = XCConfigurationList;
			buildConfigurations = (
				F00E35EE2E45B41000F2975F /* Debug */,
				F00E35EF2E45B41000F2975F /* Release */,
			);
			defaultConfigurationIsVisible = 0;
			defaultConfigurationName = Release;
		};
		F00E35EB2E45B41000F2975F /* Build configuration list for PBXNativeTarget "MediaLab" */ = {
			isa = XCConfigurationList;
			buildConfigurations = (
				F00E35EC2E45B41000F2975F /* Debug */,
				F00E35ED2E45B41000F2975F /* Release */,
			);
			defaultConfigurationIsVisible = 0;
			defaultConfigurationName = Release;
		};
		F00E35F02E45B41000F2975F /* Build configuration list for PBXNativeTarget "MediaLabTests" */ = {
			isa = XCConfigurationList;
			buildConfigurations = (
				F00E35F12E45B41000F2975F /* Debug */,
				F00E35F22E45B41000F2975F /* Release */,
			);
			defaultConfigurationIsVisible = 0;
			defaultConfigurationName = Release;
		};
		F00E35F32E45B41000F2975F /* Build configuration list for PBXNativeTarget "MediaLabUITests" */ = {
			isa = XCConfigurationList;
			buildConfigurations = (
				F00E35F42E45B41000F2975F /* Debug */,
				F00E35F52E45B41000F2975F /* Release */,
			);
			defaultConfigurationIsVisible = 0;
			defaultConfigurationName = Release;
		};
/* End XCConfigurationList section */
	};
	rootObject = F00E35BA2E45B40E00F2975F /* Project object */;
}
